hash: fe0ce6f81803bd75cec90f393db4d30bd23a89c9e549cc8726a2db8a2e598a41
updated: 2017-09-27T20:01:04.532679-10:00
imports:
- name: cloud.google.com/go
  version: f6de2c509ed9d2af648c3c147207eaaf97149aed
  subpackages:
  - compute/metadata
  - iam
  - internal
  - internal/optional
  - internal/version
  - storage
- name: github.com/boltdb/bolt
  version: 2f1ce7a837dcb8da3ec595b1dac9d0632f0f99e8
- name: github.com/EdlinOrg/prominentcolor
  version: e89002c290f0ba2902c243b5fce30b2c753c960e
- name: github.com/golang/protobuf
  version: 130e6b02ab059e7b717a096f397c5b60111cae74
  subpackages:
  - proto
  - protoc-gen-go/descriptor
  - ptypes
  - ptypes/any
  - ptypes/duration
  - ptypes/timestamp
- name: github.com/googleapis/gax-go
  version: 317e0006254c44a0ac427cc52a0e083ff0b9622f
- name: github.com/lucasb-eyer/go-colorful
  version: 231272389856c976b7500c4fffcc52ddf06ff4eb
- name: github.com/nfnt/resize
  version: 891127d8d1b52734debe1b3c3d7e747502b6c366
- name: github.com/oliamb/cutter
  version: 5cd9c24de6524b7251ac6b8600b0ba8f43a85963
- name: github.com/ventu-io/go-shortid
  version: 6c56cef5189ca1b3d5ef01dc07f4d611dfc0bb33
- name: golang.org/x/net
  version: 0a9397675ba34b2845f758fe3cd68828369c6517
  subpackages:
  - context
  - context/ctxhttp
  - http2
  - http2/hpack
  - idna
  - internal/timeseries
  - lex/httplex
  - trace
- name: golang.org/x/oauth2
  version: bb50c06baba3d0c76f9d125c0719093e315b5b44
  subpackages:
  - google
  - internal
  - jws
  - jwt
- name: golang.org/x/sys
  version: 9f7170bcd8e9f4d3691c06401119c46a769a1e03
  subpackages:
  - unix
- name: golang.org/x/text
  version: 1cbadb444a806fd9430d14ad08967ed91da4fa0a
  subpackages:
  - secure/bidirule
  - transform
  - unicode/bidi
  - unicode/norm
- name: google.golang.org/api
  version: cf8a9e7cedca7843a0fdd8adc9d019e84349768d
  subpackages:
  - gensupport
  - googleapi
  - googleapi/internal/uritemplates
  - googleapi/transport
  - internal
  - iterator
  - option
  - storage/v1
  - transport/http
- name: google.golang.org/appengine
  version: 24e4144ec923c2374f6b06610c0df16a9222c3d9
  subpackages:
  - internal
  - internal/app_identity
  - internal/base
  - internal/datastore
  - internal/log
  - internal/modules
  - internal/remote_api
  - internal/urlfetch
  - urlfetch
- name: google.golang.org/genproto
  version: 1e559d0a00eef8a9a43151db4665280bd8dd5886
  subpackages:
  - googleapis/api/annotations
  - googleapis/iam/v1
  - googleapis/rpc/status
- name: google.golang.org/grpc
  version: a68137c92756bf6ac0f9cfa5299f7dfd0af5dfe2
  subpackages:
  - balancer
  - codes
  - connectivity
  - credentials
  - grpclb/grpc_lb_v1/messages
  - grpclog
  - internal
  - keepalive
  - metadata
  - naming
  - peer
  - resolver
  - stats
  - status
  - tap
  - transport
testImports: []
